// !$*UTF8*$!
{
	archiveVersion = 1;
	classes = {
	};
	objectVersion = 46;
	objects = {

/* Begin PBXBuildFile section */
		985D40711C7D4E4E00DAACAC /* AppDelegate.swift in Sources */ = {isa = PBXBuildFile; fileRef = 985D40701C7D4E4E00DAACAC /* AppDelegate.swift */; };
		985D40731C7D4E4E00DAACAC /* ViewController.swift in Sources */ = {isa = PBXBuildFile; fileRef = 985D40721C7D4E4E00DAACAC /* ViewController.swift */; };
		985D40761C7D4E4E00DAACAC /* Main.storyboard in Resources */ = {isa = PBXBuildFile; fileRef = 985D40741C7D4E4E00DAACAC /* Main.storyboard */; };
		985D40781C7D4E4E00DAACAC /* Assets.xcassets in Resources */ = {isa = PBXBuildFile; fileRef = 985D40771C7D4E4E00DAACAC /* Assets.xcassets */; };
		985D407B1C7D4E4E00DAACAC /* LaunchScreen.storyboard in Resources */ = {isa = PBXBuildFile; fileRef = 985D40791C7D4E4E00DAACAC /* LaunchScreen.storyboard */; };
		985D40861C7D4E4E00DAACAC /* swift_UIButtonTests.swift in Sources */ = {isa = PBXBuildFile; fileRef = 985D40851C7D4E4E00DAACAC /* swift_UIButtonTests.swift */; };
		985D40911C7D4E4E00DAACAC /* swift_UIButtonUITests.swift in Sources */ = {isa = PBXBuildFile; fileRef = 985D40901C7D4E4E00DAACAC /* swift_UIButtonUITests.swift */; };
		985D409F1C7D8C6300DAACAC /* 1.jpg in Resources */ = {isa = PBXBuildFile; fileRef = 985D409E1C7D8C6300DAACAC /* 1.jpg */; };
/* End PBXBuildFile section */

/* Begin PBXContainerItemProxy section */
		985D40821C7D4E4E00DAACAC /* PBXContainerItemProxy */ = {
			isa = PBXContainerItemProxy;
			containerPortal = 985D40651C7D4E4D00DAACAC /* Project object */;
			proxyType = 1;
			remoteGlobalIDString = 985D406C1C7D4E4E00DAACAC;
			remoteInfo = "swift-UIButton";
		};
		985D408D1C7D4E4E00DAACAC /* PBXContainerItemProxy */ = {
			isa = PBXContainerItemProxy;
			containerPortal = 985D40651C7D4E4D00DAACAC /* Project object */;
			proxyType = 1;
			remoteGlobalIDString = 985D406C1C7D4E4E00DAACAC;
			remoteInfo = "swift-UIButton";
		};
/* End PBXContainerItemProxy section */

/* Begin PBXFileReference section */
		985D406D1C7D4E4E00DAACAC /* swift-UIButton.app */ = {isa = PBXFileReference; explicitFileType = wrapper.application; includeInIndex = 0; path = "swift-UIButton.app"; sourceTree = BUILT_PRODUCTS_DIR; };
		985D40701C7D4E4E00DAACAC /* AppDelegate.swift */ = {isa = PBXFileReference; lastKnownFileType = sourcecode.swift; path = AppDelegate.swift; sourceTree = "<group>"; };
		985D40721C7D4E4E00DAACAC /* ViewController.swift */ = {isa = PBXFileReference; lastKnownFileType = sourcecode.swift; path = ViewController.swift; sourceTree = "<group>"; };
		985D40751C7D4E4E00DAACAC /* Base */ = {isa = PBXFileReference; lastKnownFileType = file.storyboard; name = Base; path = Base.lproj/Main.storyboard; sourceTree = "<group>"; };
		985D40771C7D4E4E00DAACAC /* Assets.xcassets */ = {isa = PBXFileReference; lastKnownFileType = folder.assetcatalog; path = Assets.xcassets; sourceTree = "<group>"; };
		985D407A1C7D4E4E00DAACAC /* Base */ = {isa = PBXFileReference; lastKnownFileType = file.storyboard; name = Base; path = Base.lproj/LaunchScreen.storyboard; sourceTree = "<group>"; };
		985D407C1C7D4E4E00DAACAC /* Info.plist */ = {isa = PBXFileReference; lastKnownFileType = text.plist.xml; path = Info.plist; sourceTree = "<group>"; };
		985D40811C7D4E4E00DAACAC /* swift-UIButtonTests.xctest */ = {isa = PBXFileReference; explicitFileType = wrapper.cfbundle; includeInIndex = 0; path = "swift-UIButtonTests.xctest"; sourceTree = BUILT_PRODUCTS_DIR; };
		985D40851C7D4E4E00DAACAC /* swift_UIButtonTests.swift */ = {isa = PBXFileReference; lastKnownFileType = sourcecode.swift; path = swift_UIButtonTests.swift; sourceTree = "<group>"; };
		985D40871C7D4E4E00DAACAC /* Info.plist */ = {isa = PBXFileReference; lastKnownFileType = text.plist.xml; path = Info.plist; sourceTree = "<group>"; };
		985D408C1C7D4E4E00DAACAC /* swift-UIButtonUITests.xctest */ = {isa = PBXFileReference; explicitFileType = wrapper.cfbundle; includeInIndex = 0; path = "swift-UIButtonUITests.xctest"; sourceTree = BUILT_PRODUCTS_DIR; };
		985D40901C7D4E4E00DAACAC /* swift_UIButtonUITests.swift */ = {isa = PBXFileReference; lastKnownFileType = sourcecode.swift; path = swift_UIButtonUITests.swift; sourceTree = "<group>"; };
		985D40921C7D4E4E00DAACAC /* Info.plist */ = {isa = PBXFileReference; lastKnownFileType = text.plist.xml; path = Info.plist; sourceTree = "<group>"; };
		985D409E1C7D8C6300DAACAC /* 1.jpg */ = {isa = PBXFileReference; lastKnownFileType = image.jpeg; path = 1.jpg; sourceTree = "<group>"; };
/* End PBXFileReference section */

/* Begin PBXFrameworksBuildPhase section */
		985D406A1C7D4E4E00DAACAC /* Frameworks */ = {
			isa = PBXFrameworksBuildPhase;
			buildActionMask = 2147483647;
			files = (
			);
			runOnlyForDeploymentPostprocessing = 0;
		};
		985D407E1C7D4E4E00DAACAC /* Frameworks */ = {
			isa = PBXFrameworksBuildPhase;
			buildActionMask = 2147483647;
			files = (
			);
			runOnlyForDeploymentPostprocessing = 0;
		};
		985D40891C7D4E4E00DAACAC /* Frameworks */ = {
			isa = PBXFrameworksBuildPhase;
			buildActionMask = 2147483647;
			files = (
			);
			runOnlyForDeploymentPostprocessing = 0;
		};
/* End PBXFrameworksBuildPhase section */

/* Begin PBXGroup section */
		985D40641C7D4E4D00DAACAC = {
			isa = PBXGroup;
			children = (
				985D406F1C7D4E4E00DAACAC /* swift-UIButton */,
				985D40841C7D4E4E00DAACAC /* swift-UIButtonTests */,
				985D408F1C7D4E4E00DAACAC /* swift-UIButtonUITests */,
				985D406E1C7D4E4E00DAACAC /* Products */,
			);
			sourceTree = "<group>";
		};
		985D406E1C7D4E4E00DAACAC /* Products */ = {
			isa = PBXGroup;
			children = (
				985D406D1C7D4E4E00DAACAC /* swift-UIButton.app */,
				985D40811C7D4E4E00DAACAC /* swift-UIButtonTests.xctest */,
				985D408C1C7D4E4E00DAACAC /* swift-UIButtonUITests.xctest */,
			);
			name = Products;
			sourceTree = "<group>";
		};
		985D406F1C7D4E4E00DAACAC /* swift-UIButton */ = {
			isa = PBXGroup;
			children = (
				985D40701C7D4E4E00DAACAC /* AppDelegate.swift */,
				985D40721C7D4E4E00DAACAC /* ViewController.swift */,
				985D40741C7D4E4E00DAACAC /* Main.storyboard */,
				985D409E1C7D8C6300DAACAC /* 1.jpg */,
				985D40771C7D4E4E00DAACAC /* Assets.xcassets */,
				985D40791C7D4E4E00DAACAC /* LaunchScreen.storyboard */,
				985D407C1C7D4E4E00DAACAC /* Info.plist */,
			);
			path = "swift-UIButton";
			sourceTree = "<group>";
		};
		985D40841C7D4E4E00DAACAC /* swift-UIButtonTests */ = {
			isa = PBXGroup;
			children = (
				985D40851C7D4E4E00DAACAC /* swift_UIButtonTests.swift */,
				985D40871C7D4E4E00DAACAC /* Info.plist */,
			);
			path = "swift-UIButtonTests";
			sourceTree = "<group>";
		};
		985D408F1C7D4E4E00DAACAC /* swift-UIButtonUITests */ = {
			isa = PBXGroup;
			children = (
				985D40901C7D4E4E00DAACAC /* swift_UIButtonUITests.swift */,
				985D40921C7D4E4E00DAACAC /* Info.plist */,
			);
			path = "swift-UIButtonUITests";
			sourceTree = "<group>";
		};
/* End PBXGroup section */

/* Begin PBXNativeTarget section */
		985D406C1C7D4E4E00DAACAC /* swift-UIButton */ = {
			isa = PBXNativeTarget;
			buildConfigurationList = 985D40951C7D4E4E00DAACAC /* Build configuration list for PBXNativeTarget "swift-UIButton" */;
			buildPhases = (
				985D40691C7D4E4E00DAACAC /* Sources */,
				985D406A1C7D4E4E00DAACAC /* Frameworks */,
				985D406B1C7D4E4E00DAACAC /* Resources */,
			);
			buildRules = (
			);
			dependencies = (
			);
			name = "swift-UIButton";
			productName = "swift-UIButton";
			productReference = 985D406D1C7D4E4E00DAACAC /* swift-UIButton.app */;
			productType = "com.apple.product-type.application";
		};
		985D40801C7D4E4E00DAACAC /* swift-UIButtonTests */ = {
			isa = PBXNativeTarget;
			buildConfigurationList = 985D40981C7D4E4E00DAACAC /* Build configuration list for PBXNativeTarget "swift-UIButtonTests" */;
			buildPhases = (
				985D407D1C7D4E4E00DAACAC /* Sources */,
				985D407E1C7D4E4E00DAACAC /* Frameworks */,
				985D407F1C7D4E4E00DAACAC /* Resources */,
			);
			buildRules = (
			);
			dependencies = (
				985D40831C7D4E4E00DAACAC /* PBXTargetDependency */,
			);
			name = "swift-UIButtonTests";
			productName = "swift-UIButtonTests";
			productReference = 985D40811C7D4E4E00DAACAC /* swift-UIButtonTests.xctest */;
			productType = "com.apple.product-type.bundle.unit-test";
		};
		985D408B1C7D4E4E00DAACAC /* swift-UIButtonUITests */ = {
			isa = PBXNativeTarget;
			buildConfigurationList = 985D409B1C7D4E4E00DAACAC /* Build configuration list for PBXNativeTarget "swift-UIButtonUITests" */;
			buildPhases = (
				985D40881C7D4E4E00DAACAC /* Sources */,
				985D40891C7D4E4E00DAACAC /* Frameworks */,
				985D408A1C7D4E4E00DAACAC /* Resources */,
			);
			buildRules = (
			);
			dependencies = (
				985D408E1C7D4E4E00DAACAC /* PBXTargetDependency */,
			);
			name = "swift-UIButtonUITests";
			productName = "swift-UIButtonUITests";
			productReference = 985D408C1C7D4E4E00DAACAC /* swift-UIButtonUITests.xctest */;
			productType = "com.apple.product-type.bundle.ui-testing";
		};
/* End PBXNativeTarget section */

/* Begin PBXProject section */
		985D40651C7D4E4D00DAACAC /* Project object */ = {
			isa = PBXProject;
			attributes = {
				LastSwiftUpdateCheck = 0720;
				LastUpgradeCheck = 0720;
				ORGANIZATIONNAME = ljcoder;
				TargetAttributes = {
					985D406C1C7D4E4E00DAACAC = {
						CreatedOnToolsVersion = 7.2;
					};
					985D40801C7D4E4E00DAACAC = {
						CreatedOnToolsVersion = 7.2;
						TestTargetID = 985D406C1C7D4E4E00DAACAC;
					};
					985D408B1C7D4E4E00DAACAC = {
						CreatedOnToolsVersion = 7.2;
						TestTargetID = 985D406C1C7D4E4E00DAACAC;
					};
				};
			};
			buildConfigurationList = 985D40681C7D4E4D00DAACAC /* Build configuration list for PBXProject "swift-UIButton" */;
			compatibilityVersion = "Xcode 3.2";
			developmentRegion = English;
			hasScannedForEncodings = 0;
			knownRegions = (
				en,
				Base,
			);
			mainGroup = 985D40641C7D4E4D00DAACAC;
			productRefGroup = 985D406E1C7D4E4E00DAACAC /* Products */;
			projectDirPath = "";
			projectRoot = "";
			targets = (
				985D406C1C7D4E4E00DAACAC /* swift-UIButton */,
				985D40801C7D4E4E00DAACAC /* swift-UIButtonTests */,
				985D408B1C7D4E4E00DAACAC /* swift-UIButtonUITests */,
			);
		};
/* End PBXProject section */

/* Begin PBXResourcesBuildPhase section */
		985D406B1C7D4E4E00DAACAC /* Resources */ = {
			isa = PBXResourcesBuildPhase;
			buildActionMask = 2147483647;
			files = (
				985D407B1C7D4E4E00DAACAC /* LaunchScreen.storyboard in Resources */,
				985D409F1C7D8C6300DAACAC /* 1.jpg in Resources */,
				985D40781C7D4E4E00DAACAC /* Assets.xcassets in Resources */,
				985D40761C7D4E4E00DAACAC /* Main.storyboard in Resources */,
			);
			runOnlyForDeploymentPostprocessing = 0;
		};
		985D407F1C7D4E4E00DAACAC /* Resources */ = {
			isa = PBXResourcesBuildPhase;
			buildActionMask = 2147483647;
			files = (
			);
			runOnlyForDeploymentPostprocessing = 0;
		};
		985D408A1C7D4E4E00DAACAC /* Resources */ = {
			isa = PBXResourcesBuildPhase;
			buildActionMask = 2147483647;
			files = (
			);
			runOnlyForDeploymentPostprocessing = 0;
		};
/* End PBXResourcesBuildPhase section */

/* Begin PBXSourcesBuildPhase section */
		985D40691C7D4E4E00DAACAC /* Sources */ = {
			isa = PBXSourcesBuildPhase;
			buildActionMask = 2147483647;
			files = (
				985D40731C7D4E4E00DAACAC /* ViewController.swift in Sources */,
				985D40711C7D4E4E00DAACAC /* AppDelegate.swift in Sources */,
			);
			runOnlyForDeploymentPostprocessing = 0;
		};
		985D407D1C7D4E4E00DAACAC /* Sources */ = {
			isa = PBXSourcesBuildPhase;
			buildActionMask = 2147483647;
			files = (
				985D40861C7D4E4E00DAACAC /* swift_UIButtonTests.swift in Sources */,
			);
			runOnlyForDeploymentPostprocessing = 0;
		};
		985D40881C7D4E4E00DAACAC /* Sources */ = {
			isa = PBXSourcesBuildPhase;
			buildActionMask = 2147483647;
			files = (
				985D40911C7D4E4E00DAACAC /* swift_UIButtonUITests.swift in Sources */,
			);
			runOnlyForDeploymentPostprocessing = 0;
		};
/* End PBXSourcesBuildPhase section */

/* Begin PBXTargetDependency section */
		985D40831C7D4E4E00DAACAC /* PBXTargetDependency */ = {
			isa = PBXTargetDependency;
			target = 985D406C1C7D4E4E00DAACAC /* swift-UIButton */;
			targetProxy = 985D40821C7D4E4E00DAACAC /* PBXContainerItemProxy */;
		};
		985D408E1C7D4E4E00DAACAC /* PBXTargetDependency */ = {
			isa = PBXTargetDependency;
			target = 985D406C1C7D4E4E00DAACAC /* swift-UIButton */;
			targetProxy = 985D408D1C7D4E4E00DAACAC /* PBXContainerItemProxy */;
		};
/* End PBXTargetDependency section */

/* Begin PBXVariantGroup section */
		985D40741C7D4E4E00DAACAC /* Main.storyboard */ = {
			isa = PBXVariantGroup;
			children = (
				985D40751C7D4E4E00DAACAC /* Base */,
			);
			name = Main.storyboard;
			sourceTree = "<group>";
		};
		985D40791C7D4E4E00DAACAC /* LaunchScreen.storyboard */ = {
			isa = PBXVariantGroup;
			children = (
				985D407A1C7D4E4E00DAACAC /* Base */,
			);
			name = LaunchScreen.storyboard;
			sourceTree = "<group>";
		};
/* End PBXVariantGroup section */

/* Begin XCBuildConfiguration section */
		985D40931C7D4E4E00DAACAC /* Debug */ = {
			isa = XCBuildConfiguration;
			buildSettings = {
				ALWAYS_SEARCH_USER_PATHS = NO;
				CLANG_CXX_LANGUAGE_STANDARD = "gnu++0x";
				CLANG_CXX_LIBRARY = "libc++";
				CLANG_ENABLE_MODULES = YES;
				CLANG_ENABLE_OBJC_ARC = YES;
				CLANG_WARN_BOOL_CONVERSION = YES;
				CLANG_WARN_CONSTANT_CONVERSION = YES;
				CLANG_WARN_DIRECT_OBJC_ISA_USAGE = YES_ERROR;
				CLANG_WARN_EMPTY_BODY = YES;
				CLANG_WARN_ENUM_CONVERSION = YES;
				CLANG_WARN_INT_CONVERSION = YES;
				CLANG_WARN_OBJC_ROOT_CLASS = YES_ERROR;
				CLANG_WARN_UNREACHABLE_CODE = YES;
				CLANG_WARN__DUPLICATE_METHOD_MATCH = YES;
				"CODE_SIGN_IDENTITY[sdk=iphoneos*]" = "iPhone Developer";
				COPY_PHASE_STRIP = NO;
				DEBUG_INFORMATION_FORMAT = dwarf;
				ENABLE_STRICT_OBJC_MSGSEND = YES;
				ENABLE_TESTABILITY = YES;
				GCC_C_LANGUAGE_STANDARD = gnu99;
				GCC_DYNAMIC_NO_PIC = NO;
				GCC_NO_COMMON_BLOCKS = YES;
				GCC_OPTIMIZATION_LEVEL = 0;
				GCC_PREPROCESSOR_DEFINITIONS = (
					"DEBUG=1",
					"$(inherited)",
				);
				GCC_WARN_64_TO_32_BIT_CONVERSION = YES;
				GCC_WARN_ABOUT_RETURN_TYPE = YES_ERROR;
				GCC_WARN_UNDECLARED_SELECTOR = YES;
				GCC_WARN_UNINITIALIZED_AUTOS = YES_AGGRESSIVE;
				GCC_WARN_UNUSED_FUNCTION = YES;
				GCC_WARN_UNUSED_VARIABLE = YES;
				IPHONEOS_DEPLOYMENT_TARGET = 9.2;
				MTL_ENABLE_DEBUG_INFO = YES;
				ONLY_ACTIVE_ARCH = YES;
				SDKROOT = iphoneos;
				SWIFT_OPTIMIZATION_LEVEL = "-Onone";
			};
			name = Debug;
		};
		985D40941C7D4E4E00DAACAC /* Release */ = {
			isa = XCBuildConfiguration;
			buildSettings = {
				ALWAYS_SEARCH_USER_PATHS = NO;
				CLANG_CXX_LANGUAGE_STANDARD = "gnu++0x";
				CLANG_CXX_LIBRARY = "libc++";
				CLANG_ENABLE_MODULES = YES;
				CLANG_ENABLE_OBJC_ARC = YES;
				CLANG_WARN_BOOL_CONVERSION = YES;
				CLANG_WARN_CONSTANT_CONVERSION = YES;
				CLANG_WARN_DIRECT_OBJC_ISA_USAGE = YES_ERROR;
				CLANG_WARN_EMPTY_BODY = YES;
				CLANG_WARN_ENUM_CONVERSION = YES;
				CLANG_WARN_INT_CONVERSION = YES;
				CLANG_WARN_OBJC_ROOT_CLASS = YES_ERROR;
				CLANG_WARN_UNREACHABLE_CODE = YES;
				CLANG_WARN__DUPLICATE_METHOD_MATCH = YES;
				"CODE_SIGN_IDENTITY[sdk=iphoneos*]" = "iPhone Developer";
				COPY_PHASE_STRIP = NO;
				DEBUG_INFORMATION_FORMAT = "dwarf-with-dsym";
				ENABLE_NS_ASSERTIONS = NO;
				ENABLE_STRICT_OBJC_MSGSEND = YES;
				GCC_C_LANGUAGE_STANDARD = gnu99;
				GCC_NO_COMMON_BLOCKS = YES;
				GCC_WARN_64_TO_32_BIT_CONVERSION = YES;
				GCC_WARN_ABOUT_RETURN_TYPE = YES_ERROR;
				GCC_WARN_UNDECLARED_SELECTOR = YES;
				GCC_WARN_UNINITIALIZED_AUTOS = YES_AGGRESSIVE;
				GCC_WARN_UNUSED_FUNCTION = YES;
				GCC_WARN_UNUSED_VARIABLE = YES;
				IPHONEOS_DEPLOYMENT_TARGET = 9.2;
				MTL_ENABLE_DEBUG_INFO = NO;
				SDKROOT = iphoneos;
				VALIDATE_PRODUCT = YES;
			};
			name = Release;
		};
		985D40961C7D4E4E00DAACAC /* Debug */ = {
			isa = XCBuildConfiguration;
			buildSettings = {
				ASSETCATALOG_COMPILER_APPICON_NAME = AppIcon;
				INFOPLIST_FILE = "swift-UIButton/Info.plist";
				LD_RUNPATH_SEARCH_PATHS = "$(inherited) @executable_path/Frameworks";
				PRODUCT_BUNDLE_IDENTIFIER = "com.ljcoder.swift-UIButton";
				PRODUCT_NAME = "$(TARGET_NAME)";
			};
			name = Debug;
		};
		985D40971C7D4E4E00DAACAC /* Release */ = {
			isa = XCBuildConfiguration;
			buildSettings = {
				ASSETCATALOG_COMPILER_APPICON_NAME = AppIcon;
				INFOPLIST_FILE = "swift-UIButton/Info.plist";
				LD_RUNPATH_SEARCH_PATHS = "$(inherited) @executable_path/Frameworks";
				PRODUCT_BUNDLE_IDENTIFIER = "com.ljcoder.swift-UIButton";
				PRODUCT_NAME = "$(TARGET_NAME)";
			};
			name = Release;
		};
		985D40991C7D4E4E00DAACAC /* Debug */ = {
			isa = XCBuildConfiguration;
			buildSettings = {
				BUNDLE_LOADER = "$(TEST_HOST)";
				INFOPLIST_FILE = "swift-UIButtonTests/Info.plist";
				LD_RUNPATH_SEARCH_PATHS = "$(inherited) @executable_path/Frameworks @loader_path/Frameworks";
				PRODUCT_BUNDLE_IDENTIFIER = "com.ljcoder.swift-UIButtonTests";
				PRODUCT_NAME = "$(TARGET_NAME)";
				TEST_HOST = "$(BUILT_PRODUCTS_DIR)/swift-UIButton.app/swift-UIButton";
			};
			name = Debug;
		};
		985D409A1C7D4E4E00DAACAC /* Release */ = {
			isa = XCBuildConfiguration;
			buildSettings = {
				BUNDLE_LOADER = "$(TEST_HOST)";
				INFOPLIST_FILE = "swift-UIButtonTests/Info.plist";
				LD_RUNPATH_SEARCH_PATHS = "$(inherited) @executable_path/Frameworks @loader_path/Frameworks";
				PRODUCT_BUNDLE_IDENTIFIER = "com.ljcoder.swift-UIButtonTests";
				PRODUCT_NAME = "$(TARGET_NAME)";
				TEST_HOST = "$(BUILT_PRODUCTS_DIR)/swift-UIButton.app/swift-UIButton";
			};
			name = Release;
		};
		985D409C1C7D4E4E00DAACAC /* Debug */ = {
			isa = XCBuildConfiguration;
			buildSettings = {
				INFOPLIST_FILE = "swift-UIButtonUITests/Info.plist";
				LD_RUNPATH_SEARCH_PATHS = "$(inherited) @executable_path/Frameworks @loader_path/Frameworks";
				PRODUCT_BUNDLE_IDENTIFIER = "com.ljcoder.swift-UIButtonUITests";
				PRODUCT_NAME = "$(TARGET_NAME)";
				TEST_TARGET_NAME = "swift-UIButton";
				USES_XCTRUNNER = YES;
			};
			name = Debug;
		};
		985D409D1C7D4E4E00DAACAC /* Release */ = {
			isa = XCBuildConfiguration;
			buildSettings = {
				INFOPLIST_FILE = "swift-UIButtonUITests/Info.plist";
				LD_RUNPATH_SEARCH_PATHS = "$(inherited) @executable_path/Frameworks @loader_path/Frameworks";
				PRODUCT_BUNDLE_IDENTIFIER = "com.ljcoder.swift-UIButtonUITests";
				PRODUCT_NAME = "$(TARGET_NAME)";
				TEST_TARGET_NAME = "swift-UIButton";
				USES_XCTRUNNER = YES;
			};
			name = Release;
		};
/* End XCBuildConfiguration section */

/* Begin XCConfigurationList section */
		985D40681C7D4E4D00DAACAC /* Build configuration list for PBXProject "swift-UIButton" */ = {
			isa = XCConfigurationList;
			buildConfigurations = (
				985D40931C7D4E4E00DAACAC /* Debug */,
				985D40941C7D4E4E00DAACAC /* Release */,
			);
			defaultConfigurationIsVisible = 0;
			defaultConfigurationName = Release;
		};
		985D40951C7D4E4E00DAACAC /* Build configuration list for PBXNativeTarget "swift-UIButton" */ = {
			isa = XCConfigurationList;
			buildConfigurations = (
				985D40961C7D4E4E00DAACAC /* Debug */,
				985D40971C7D4E4E00DAACAC /* Release */,
			);
			defaultConfigurationIsVisible = 0;
		};
		985D40981C7D4E4E00DAACAC /* Build configuration list for PBXNativeTarget "swift-UIButtonTests" */ = {
			isa = XCConfigurationList;
			buildConfigurations = (
				985D40991C7D4E4E00DAACAC /* Debug */,
				985D409A1C7D4E4E00DAACAC /* Release */,
			);
			defaultConfigurationIsVisible = 0;
		};
		985D409B1C7D4E4E00DAACAC /* Build configuration list for PBXNativeTarget "swift-UIButtonUITests" */ = {
			isa = XCConfigurationList;
			buildConfigurations = (
				985D409C1C7D4E4E00DAACAC /* Debug */,
				985D409D1C7D4E4E00DAACAC /* Release */,
			);
			defaultConfigurationIsVisible = 0;
		};
/* End XCConfigurationList section */
	};
	rootObject = 985D40651C7D4E4D00DAACAC /* Project object */;
}
